
Microsoft Visual Studio Solution File, Format Version 12.00
# Visual Studio 15
VisualStudioVersion = 15.0.27428.2027
MinimumVisualStudioVersion = 10.0.40219.1
Project("{9A19103F-16F7-4668-BE54-9A1E7A4F7556}") = "Dotnet.Fbit", "Dotnet.Fbit\Dotnet.Fbit.csproj", "{1ED9DF24-E35B-4B6D-AFF6-591415948342}"
EndProject
Project("{9A19103F-16F7-4668-BE54-9A1E7A4F7556}") = "Dotnet.Fbit.Tests", "Dotnet.Fbit.Tests\Dotnet.Fbit.Tests.csproj", "{9725F7F1-3FAE-4834-BDCF-5BE1B005D49C}"
EndProject
Project("{9A19103F-16F7-4668-BE54-9A1E7A4F7556}") = "FeatureBitsData", "..\featurebitsdatastore\src\FeatureBitsData\FeatureBitsData.csproj", "{B2B737C8-299B-4085-BD06-345388AB3B41}"
EndProject
Global
	GlobalSection(SolutionConfigurationPlatforms) = preSolution
		Debug|Any CPU = Debug|Any CPU
		Release|Any CPU = Release|Any CPU
	EndGlobalSection
	GlobalSection(ProjectConfigurationPlatforms) = postSolution
		{1ED9DF24-E35B-4B6D-AFF6-591415948342}.Debug|Any CPU.ActiveCfg = Debug|Any CPU
		{1ED9DF24-E35B-4B6D-AFF6-591415948342}.Debug|Any CPU.Build.0 = Debug|Any CPU
		{1ED9DF24-E35B-4B6D-AFF6-591415948342}.Release|Any CPU.ActiveCfg = Release|Any CPU
		{1ED9DF24-E35B-4B6D-AFF6-591415948342}.Release|Any CPU.Build.0 = Release|Any CPU
		{9725F7F1-3FAE-4834-BDCF-5BE1B005D49C}.Debug|Any CPU.ActiveCfg = Debug|Any CPU
		{9725F7F1-3FAE-4834-BDCF-5BE1B005D49C}.Debug|Any CPU.Build.0 = Debug|Any CPU
		{9725F7F1-3FAE-4834-BDCF-5BE1B005D49C}.Release|Any CPU.ActiveCfg = Release|Any CPU
		{9725F7F1-3FAE-4834-BDCF-5BE1B005D49C}.Release|Any CPU.Build.0 = Release|Any CPU
		{B2B737C8-299B-4085-BD06-345388AB3B41}.Debug|Any CPU.ActiveCfg = Debug|Any CPU
		{B2B737C8-299B-4085-BD06-345388AB3B41}.Debug|Any CPU.Build.0 = Debug|Any CPU
		{B2B737C8-299B-4085-BD06-345388AB3B41}.Release|Any CPU.ActiveCfg = Release|Any CPU
		{B2B737C8-299B-4085-BD06-345388AB3B41}.Release|Any CPU.Build.0 = Release|Any CPU
	EndGlobalSection
	GlobalSection(SolutionProperties) = preSolution
		HideSolutionNode = FALSE
	EndGlobalSection
	GlobalSection(ExtensibilityGlobals) = postSolution
		SolutionGuid = {7974E74D-54A9-4680-BA0C-035405098A81}
	EndGlobalSection
EndGlobal
