Microsoft Visual Studio Solution File, Format Version 12.00
# Visual Studio 15
VisualStudioVersion = 15.0.26124.0
MinimumVisualStudioVersion = 15.0.26124.0
Project("{2150E333-8FDC-42A3-9474-1A3956D46DE8}") = "src", "src", "{2B390043-B8F8-465C-A3B7-13F81A1ED55F}"
EndProject
Project("{2150E333-8FDC-42A3-9474-1A3956D46DE8}") = "test", "test", "{E2E58984-4B14-42F6-BBCD-46265EAE2225}"
EndProject
Project("{9A19103F-16F7-4668-BE54-9A1E7A4F7556}") = "FeatureBitsData", "src\FeatureBitsData\FeatureBitsData.csproj", "{B46D8CD7-85AD-4F58-BA26-951E08E5EBB8}"
EndProject
Project("{9A19103F-16F7-4668-BE54-9A1E7A4F7556}") = "FeatureBitsDataTests", "test\FeatureBitsDataTests\FeatureBitsDataTests.csproj", "{C30B1FAE-50B5-44DA-A1E8-EC30D7AD1BC8}"
EndProject
Project("{9A19103F-16F7-4668-BE54-9A1E7A4F7556}") = "ConsoleTestClient", "test\ConsoleTestClient\ConsoleTestClient.csproj", "{58A1A638-1944-4835-B161-05E8B42B9D18}"
EndProject
Project("{9A19103F-16F7-4668-BE54-9A1E7A4F7556}") = "WebApiTestClient", "test\WebApiTestClient\WebApiTestClient.csproj", "{FD07CEBC-5C4B-46C6-8786-D07EEF08BCBA}"
EndProject
Global
	GlobalSection(SolutionConfigurationPlatforms) = preSolution
		Debug|Any CPU = Debug|Any CPU
		Release|Any CPU = Release|Any CPU
	EndGlobalSection
	GlobalSection(ProjectConfigurationPlatforms) = postSolution
		{B46D8CD7-85AD-4F58-BA26-951E08E5EBB8}.Debug|Any CPU.ActiveCfg = Debug|Any CPU
		{B46D8CD7-85AD-4F58-BA26-951E08E5EBB8}.Debug|Any CPU.Build.0 = Debug|Any CPU
		{B46D8CD7-85AD-4F58-BA26-951E08E5EBB8}.Release|Any CPU.ActiveCfg = Release|Any CPU
		{B46D8CD7-85AD-4F58-BA26-951E08E5EBB8}.Release|Any CPU.Build.0 = Release|Any CPU
		{C30B1FAE-50B5-44DA-A1E8-EC30D7AD1BC8}.Debug|Any CPU.ActiveCfg = Debug|Any CPU
		{C30B1FAE-50B5-44DA-A1E8-EC30D7AD1BC8}.Debug|Any CPU.Build.0 = Debug|Any CPU
		{C30B1FAE-50B5-44DA-A1E8-EC30D7AD1BC8}.Release|Any CPU.ActiveCfg = Release|Any CPU
		{C30B1FAE-50B5-44DA-A1E8-EC30D7AD1BC8}.Release|Any CPU.Build.0 = Release|Any CPU
		{58A1A638-1944-4835-B161-05E8B42B9D18}.Debug|Any CPU.ActiveCfg = Debug|Any CPU
		{58A1A638-1944-4835-B161-05E8B42B9D18}.Debug|Any CPU.Build.0 = Debug|Any CPU
		{58A1A638-1944-4835-B161-05E8B42B9D18}.Release|Any CPU.ActiveCfg = Release|Any CPU
		{58A1A638-1944-4835-B161-05E8B42B9D18}.Release|Any CPU.Build.0 = Release|Any CPU
		{FD07CEBC-5C4B-46C6-8786-D07EEF08BCBA}.Debug|Any CPU.ActiveCfg = Debug|Any CPU
		{FD07CEBC-5C4B-46C6-8786-D07EEF08BCBA}.Debug|Any CPU.Build.0 = Debug|Any CPU
		{FD07CEBC-5C4B-46C6-8786-D07EEF08BCBA}.Release|Any CPU.ActiveCfg = Release|Any CPU
		{FD07CEBC-5C4B-46C6-8786-D07EEF08BCBA}.Release|Any CPU.Build.0 = Release|Any CPU
	EndGlobalSection
	GlobalSection(SolutionProperties) = preSolution
		HideSolutionNode = FALSE
	EndGlobalSection
	GlobalSection(NestedProjects) = preSolution
		{B46D8CD7-85AD-4F58-BA26-951E08E5EBB8} = {2B390043-B8F8-465C-A3B7-13F81A1ED55F}
		{C30B1FAE-50B5-44DA-A1E8-EC30D7AD1BC8} = {E2E58984-4B14-42F6-BBCD-46265EAE2225}
		{58A1A638-1944-4835-B161-05E8B42B9D18} = {E2E58984-4B14-42F6-BBCD-46265EAE2225}
		{FD07CEBC-5C4B-46C6-8786-D07EEF08BCBA} = {E2E58984-4B14-42F6-BBCD-46265EAE2225}
	EndGlobalSection
	GlobalSection(ExtensibilityGlobals) = postSolution
		SolutionGuid = {88628DF2-198C-44FE-8581-55141B6F1F60}
	EndGlobalSection
EndGlobal
